// !$*UTF8*$!
{
	archiveVersion = 1;
	classes = {
	};
	objectVersion = 55;
	objects = {

/* Begin PBXBuildFile section */
		5917E5E028F665AD002FBD79 /* CodeItApp.swift in Sources */ = {isa = PBXBuildFile; fileRef = 5917E5DF28F665AD002FBD79 /* CodeItApp.swift */; };
		5917E5E428F665B0002FBD79 /* Assets.xcassets in Resources */ = {isa = PBXBuildFile; fileRef = 5917E5E328F665B0002FBD79 /* Assets.xcassets */; };
		5917E5E728F665B0002FBD79 /* Preview Assets.xcassets in Resources */ = {isa = PBXBuildFile; fileRef = 5917E5E628F665B0002FBD79 /* Preview Assets.xcassets */; };
		5917E5F228F6E09A002FBD79 /* CurrentUserStore.swift in Sources */ = {isa = PBXBuildFile; fileRef = 5917E5F128F6E09A002FBD79 /* CurrentUserStore.swift */; };
		591BCE8D294F7EDA00E1A424 /* ProblemSolutionView.swift in Sources */ = {isa = PBXBuildFile; fileRef = 591BCE8C294F7EDA00E1A424 /* ProblemSolutionView.swift */; };
		591BCE91295083D100E1A424 /* CodeLanguage.swift in Sources */ = {isa = PBXBuildFile; fileRef = 591BCE90295083D100E1A424 /* CodeLanguage.swift */; };
		5920E0E72942006B00C70726 /* ProblemList.swift in Sources */ = {isa = PBXBuildFile; fileRef = 5920E0E62942006B00C70726 /* ProblemList.swift */; };
		592784DB29227D5E00347BDD /* Kingfisher in Frameworks */ = {isa = PBXBuildFile; productRef = 592784DA29227D5E00347BDD /* Kingfisher */; };
		59279DEF295C410E0039F233 /* SubmitSolutionResponse.swift in Sources */ = {isa = PBXBuildFile; fileRef = 59279DEE295C410E0039F233 /* SubmitSolutionResponse.swift */; };
		59279DF1295C66240039F233 /* SubmissionDetail.swift in Sources */ = {isa = PBXBuildFile; fileRef = 59279DF0295C66240039F233 /* SubmissionDetail.swift */; };
		59472B2D294F23960075D267 /* HtmlText.swift in Sources */ = {isa = PBXBuildFile; fileRef = 59472B2C294F23960075D267 /* HtmlText.swift */; };
		59472B30294F29C90075D267 /* Atributika in Frameworks */ = {isa = PBXBuildFile; productRef = 59472B2F294F29C90075D267 /* Atributika */; };
		599E64F12922807000B59B28 /* KeychainAccess in Frameworks */ = {isa = PBXBuildFile; productRef = 599E64F02922807000B59B28 /* KeychainAccess */; };
		59B02CE6291A7EA80043A093 /* SidebarView.swift in Sources */ = {isa = PBXBuildFile; fileRef = 59B02CE5291A7EA80043A093 /* SidebarView.swift */; };
		59B02CE8291A81230043A093 /* ProblemListView.swift in Sources */ = {isa = PBXBuildFile; fileRef = 59B02CE7291A81230043A093 /* ProblemListView.swift */; };
		59D61FB628F6F683007E5C42 /* UserProfile.swift in Sources */ = {isa = PBXBuildFile; fileRef = 59D61FB528F6F683007E5C42 /* UserProfile.swift */; };
		59D61FBB28F7B5D6007E5C42 /* LeetCodeApi.swift in Sources */ = {isa = PBXBuildFile; fileRef = 59D61FBA28F7B5D6007E5C42 /* LeetCodeApi.swift */; };
		59D61FBE28F7BA2A007E5C42 /* LoginCookieView.swift in Sources */ = {isa = PBXBuildFile; fileRef = 59D61FBD28F7BA2A007E5C42 /* LoginCookieView.swift */; };
		59D61FE428FEDB91007E5C42 /* HttpResponse.swift in Sources */ = {isa = PBXBuildFile; fileRef = 59D61FE328FEDB91007E5C42 /* HttpResponse.swift */; };
		59E9AF0C294EC79E0036D5BA /* Test.swift in Sources */ = {isa = PBXBuildFile; fileRef = 59E9AF0B294EC79E0036D5BA /* Test.swift */; };
		59E9AF0E294EDBE00036D5BA /* ProblemDetail.swift in Sources */ = {isa = PBXBuildFile; fileRef = 59E9AF0D294EDBE00036D5BA /* ProblemDetail.swift */; };
		59E9AF10294EDF710036D5BA /* ProblemDetailView.swift in Sources */ = {isa = PBXBuildFile; fileRef = 59E9AF0F294EDF710036D5BA /* ProblemDetailView.swift */; };
		59EC5C9F2949EC34005B9487 /* ProblemListCellView.swift in Sources */ = {isa = PBXBuildFile; fileRef = 59EC5C9E2949EC34005B9487 /* ProblemListCellView.swift */; };
		59FFCE2E2951D9A30044EAB0 /* CodeMirror-SwiftUI in Frameworks */ = {isa = PBXBuildFile; productRef = 59FFCE2D2951D9A30044EAB0 /* CodeMirror-SwiftUI */; };
		59FFCE2F2951D9A30044EAB0 /* CodeMirror-SwiftUI in Embed Frameworks */ = {isa = PBXBuildFile; productRef = 59FFCE2D2951D9A30044EAB0 /* CodeMirror-SwiftUI */; settings = {ATTRIBUTES = (CodeSignOnCopy, ); }; };
/* End PBXBuildFile section */

/* Begin PBXCopyFilesBuildPhase section */
		59D61FC328F83C36007E5C42 /* Embed Frameworks */ = {
			isa = PBXCopyFilesBuildPhase;
			buildActionMask = 2147483647;
			dstPath = "";
			dstSubfolderSpec = 10;
			files = (
				59FFCE2F2951D9A30044EAB0 /* CodeMirror-SwiftUI in Embed Frameworks */,
			);
			name = "Embed Frameworks";
			runOnlyForDeploymentPostprocessing = 0;
		};
/* End PBXCopyFilesBuildPhase section */

/* Begin PBXFileReference section */
		5917E5DC28F665AD002FBD79 /* CodeIt.app */ = {isa = PBXFileReference; explicitFileType = wrapper.application; includeInIndex = 0; path = CodeIt.app; sourceTree = BUILT_PRODUCTS_DIR; };
		5917E5DF28F665AD002FBD79 /* CodeItApp.swift */ = {isa = PBXFileReference; lastKnownFileType = sourcecode.swift; path = CodeItApp.swift; sourceTree = "<group>"; };
		5917E5E328F665B0002FBD79 /* Assets.xcassets */ = {isa = PBXFileReference; lastKnownFileType = folder.assetcatalog; path = Assets.xcassets; sourceTree = "<group>"; };
		5917E5E628F665B0002FBD79 /* Preview Assets.xcassets */ = {isa = PBXFileReference; lastKnownFileType = folder.assetcatalog; path = "Preview Assets.xcassets"; sourceTree = "<group>"; };
		5917E5E828F665B0002FBD79 /* CodeIt.entitlements */ = {isa = PBXFileReference; lastKnownFileType = text.plist.entitlements; path = CodeIt.entitlements; sourceTree = "<group>"; };
		5917E5F128F6E09A002FBD79 /* CurrentUserStore.swift */ = {isa = PBXFileReference; lastKnownFileType = sourcecode.swift; path = CurrentUserStore.swift; sourceTree = "<group>"; };
		591BCE8C294F7EDA00E1A424 /* ProblemSolutionView.swift */ = {isa = PBXFileReference; lastKnownFileType = sourcecode.swift; name = ProblemSolutionView.swift; path = CodeIt/View/Problem/ProblemSolutionView.swift; sourceTree = SOURCE_ROOT; };
		591BCE90295083D100E1A424 /* CodeLanguage.swift */ = {isa = PBXFileReference; lastKnownFileType = sourcecode.swift; path = CodeLanguage.swift; sourceTree = "<group>"; };
		5920E0E62942006B00C70726 /* ProblemList.swift */ = {isa = PBXFileReference; lastKnownFileType = sourcecode.swift; path = ProblemList.swift; sourceTree = "<group>"; };
		59279DEE295C410E0039F233 /* SubmitSolutionResponse.swift */ = {isa = PBXFileReference; lastKnownFileType = sourcecode.swift; path = SubmitSolutionResponse.swift; sourceTree = "<group>"; };
		59279DF0295C66240039F233 /* SubmissionDetail.swift */ = {isa = PBXFileReference; lastKnownFileType = sourcecode.swift; path = SubmissionDetail.swift; sourceTree = "<group>"; };
		59288A6728F6E67100B06773 /* Info.plist */ = {isa = PBXFileReference; lastKnownFileType = text.plist; path = Info.plist; sourceTree = "<group>"; };
		59472B2C294F23960075D267 /* HtmlText.swift */ = {isa = PBXFileReference; lastKnownFileType = sourcecode.swift; path = HtmlText.swift; sourceTree = "<group>"; };
		59B02CE5291A7EA80043A093 /* SidebarView.swift */ = {isa = PBXFileReference; lastKnownFileType = sourcecode.swift; path = SidebarView.swift; sourceTree = "<group>"; };
		59B02CE7291A81230043A093 /* ProblemListView.swift */ = {isa = PBXFileReference; lastKnownFileType = sourcecode.swift; path = ProblemListView.swift; sourceTree = "<group>"; };
		59D61FB528F6F683007E5C42 /* UserProfile.swift */ = {isa = PBXFileReference; lastKnownFileType = sourcecode.swift; path = UserProfile.swift; sourceTree = "<group>"; };
		59D61FBA28F7B5D6007E5C42 /* LeetCodeApi.swift */ = {isa = PBXFileReference; lastKnownFileType = sourcecode.swift; path = LeetCodeApi.swift; sourceTree = "<group>"; };
		59D61FBD28F7BA2A007E5C42 /* LoginCookieView.swift */ = {isa = PBXFileReference; lastKnownFileType = sourcecode.swift; path = LoginCookieView.swift; sourceTree = "<group>"; };
		59D61FE328FEDB91007E5C42 /* HttpResponse.swift */ = {isa = PBXFileReference; lastKnownFileType = sourcecode.swift; path = HttpResponse.swift; sourceTree = "<group>"; };
		59E9AF0B294EC79E0036D5BA /* Test.swift */ = {isa = PBXFileReference; lastKnownFileType = sourcecode.swift; path = Test.swift; sourceTree = "<group>"; };
		59E9AF0D294EDBE00036D5BA /* ProblemDetail.swift */ = {isa = PBXFileReference; lastKnownFileType = sourcecode.swift; path = ProblemDetail.swift; sourceTree = "<group>"; };
		59E9AF0F294EDF710036D5BA /* ProblemDetailView.swift */ = {isa = PBXFileReference; lastKnownFileType = sourcecode.swift; path = ProblemDetailView.swift; sourceTree = "<group>"; };
		59EC5C9E2949EC34005B9487 /* ProblemListCellView.swift */ = {isa = PBXFileReference; lastKnownFileType = sourcecode.swift; path = ProblemListCellView.swift; sourceTree = "<group>"; };
		59FFCE2C2951D8880044EAB0 /* CodeMirror-SwiftUI */ = {isa = PBXFileReference; lastKnownFileType = wrapper; name = "CodeMirror-SwiftUI"; path = "../packages/CodeMirror-SwiftUI"; sourceTree = "<group>"; };
/* End PBXFileReference section */

/* Begin PBXFrameworksBuildPhase section */
		5917E5D928F665AD002FBD79 /* Frameworks */ = {
			isa = PBXFrameworksBuildPhase;
			buildActionMask = 2147483647;
			files = (
				59FFCE2E2951D9A30044EAB0 /* CodeMirror-SwiftUI in Frameworks */,
				592784DB29227D5E00347BDD /* Kingfisher in Frameworks */,
				59472B30294F29C90075D267 /* Atributika in Frameworks */,
				599E64F12922807000B59B28 /* KeychainAccess in Frameworks */,
			);
			runOnlyForDeploymentPostprocessing = 0;
		};
/* End PBXFrameworksBuildPhase section */

/* Begin PBXGroup section */
		5917E5D328F665AD002FBD79 = {
			isa = PBXGroup;
			children = (
				59288A6828F6E73600B06773 /* Packages */,
				5917E5DE28F665AD002FBD79 /* CodeIt */,
				5917E5DD28F665AD002FBD79 /* Products */,
				59D61FB728F7B524007E5C42 /* Frameworks */,
			);
			sourceTree = "<group>";
		};
		5917E5DD28F665AD002FBD79 /* Products */ = {
			isa = PBXGroup;
			children = (
				5917E5DC28F665AD002FBD79 /* CodeIt.app */,
			);
			name = Products;
			sourceTree = "<group>";
		};
		5917E5DE28F665AD002FBD79 /* CodeIt */ = {
			isa = PBXGroup;
			children = (
				59472B2B294F23850075D267 /* Common */,
				59D61FBC28F7BA0D007E5C42 /* View */,
				59288A6728F6E67100B06773 /* Info.plist */,
				5917E5F028F6E077002FBD79 /* Store */,
				5917E5EE28F665BB002FBD79 /* Api */,
				5917E5DF28F665AD002FBD79 /* CodeItApp.swift */,
				5917E5E328F665B0002FBD79 /* Assets.xcassets */,
				5917E5E828F665B0002FBD79 /* CodeIt.entitlements */,
				5917E5E528F665B0002FBD79 /* Preview Content */,
			);
			path = CodeIt;
			sourceTree = "<group>";
		};
		5917E5E528F665B0002FBD79 /* Preview Content */ = {
			isa = PBXGroup;
			children = (
				5917E5E628F665B0002FBD79 /* Preview Assets.xcassets */,
			);
			path = "Preview Content";
			sourceTree = "<group>";
		};
		5917E5EE28F665BB002FBD79 /* Api */ = {
			isa = PBXGroup;
			children = (
				5917E5EF28F6662D002FBD79 /* Model */,
				59D61FBA28F7B5D6007E5C42 /* LeetCodeApi.swift */,
			);
			path = Api;
			sourceTree = "<group>";
		};
		5917E5EF28F6662D002FBD79 /* Model */ = {
			isa = PBXGroup;
			children = (
				59D61FB528F6F683007E5C42 /* UserProfile.swift */,
				59D61FE328FEDB91007E5C42 /* HttpResponse.swift */,
				5920E0E62942006B00C70726 /* ProblemList.swift */,
				59E9AF0D294EDBE00036D5BA /* ProblemDetail.swift */,
				59279DEE295C410E0039F233 /* SubmitSolutionResponse.swift */,
				59279DF0295C66240039F233 /* SubmissionDetail.swift */,
			);
			path = Model;
			sourceTree = "<group>";
		};
		5917E5F028F6E077002FBD79 /* Store */ = {
			isa = PBXGroup;
			children = (
				5917E5F128F6E09A002FBD79 /* CurrentUserStore.swift */,
			);
			path = Store;
			sourceTree = "<group>";
		};
		591BCE8E295083AA00E1A424 /* Component */ = {
			isa = PBXGroup;
			children = (
				59472B2C294F23960075D267 /* HtmlText.swift */,
			);
			path = Component;
			sourceTree = "<group>";
		};
		591BCE8F295083B100E1A424 /* Enum */ = {
			isa = PBXGroup;
			children = (
				591BCE90295083D100E1A424 /* CodeLanguage.swift */,
			);
			path = Enum;
			sourceTree = "<group>";
		};
		59288A6828F6E73600B06773 /* Packages */ = {
			isa = PBXGroup;
			children = (
				59FFCE2C2951D8880044EAB0 /* CodeMirror-SwiftUI */,
			);
			name = Packages;
			sourceTree = "<group>";
		};
		59472B2B294F23850075D267 /* Common */ = {
			isa = PBXGroup;
			children = (
				591BCE8F295083B100E1A424 /* Enum */,
				591BCE8E295083AA00E1A424 /* Component */,
			);
			path = Common;
			sourceTree = "<group>";
		};
		59D61FB728F7B524007E5C42 /* Frameworks */ = {
			isa = PBXGroup;
			children = (
			);
			name = Frameworks;
			sourceTree = "<group>";
		};
		59D61FBC28F7BA0D007E5C42 /* View */ = {
			isa = PBXGroup;
			children = (
				59EC5C9D2949EBFF005B9487 /* Problem */,
				59D61FBD28F7BA2A007E5C42 /* LoginCookieView.swift */,
				59B02CE5291A7EA80043A093 /* SidebarView.swift */,
				59E9AF0B294EC79E0036D5BA /* Test.swift */,
			);
			path = View;
			sourceTree = "<group>";
		};
		59EC5C9D2949EBFF005B9487 /* Problem */ = {
			isa = PBXGroup;
			children = (
				59B02CE7291A81230043A093 /* ProblemListView.swift */,
				59EC5C9E2949EC34005B9487 /* ProblemListCellView.swift */,
				59E9AF0F294EDF710036D5BA /* ProblemDetailView.swift */,
				591BCE8C294F7EDA00E1A424 /* ProblemSolutionView.swift */,
			);
			path = Problem;
			sourceTree = "<group>";
		};
/* End PBXGroup section */

/* Begin PBXNativeTarget section */
		5917E5DB28F665AD002FBD79 /* CodeIt */ = {
			isa = PBXNativeTarget;
			buildConfigurationList = 5917E5EB28F665B0002FBD79 /* Build configuration list for PBXNativeTarget "CodeIt" */;
			buildPhases = (
				5917E5D828F665AD002FBD79 /* Sources */,
				5917E5D928F665AD002FBD79 /* Frameworks */,
				5917E5DA28F665AD002FBD79 /* Resources */,
				59D61FC328F83C36007E5C42 /* Embed Frameworks */,
			);
			buildRules = (
			);
			dependencies = (
			);
			name = CodeIt;
			packageProductDependencies = (
				592784DA29227D5E00347BDD /* Kingfisher */,
				599E64F02922807000B59B28 /* KeychainAccess */,
				59472B2F294F29C90075D267 /* Atributika */,
				59FFCE2D2951D9A30044EAB0 /* CodeMirror-SwiftUI */,
			);
			productName = LeetCoding;
			productReference = 5917E5DC28F665AD002FBD79 /* CodeIt.app */;
			productType = "com.apple.product-type.application";
		};
/* End PBXNativeTarget section */

/* Begin PBXProject section */
		5917E5D428F665AD002FBD79 /* Project object */ = {
			isa = PBXProject;
			attributes = {
				BuildIndependentTargetsInParallel = 1;
				LastSwiftUpdateCheck = 1340;
				LastUpgradeCheck = 1340;
				ORGANIZATIONNAME = "";
				TargetAttributes = {
					5917E5DB28F665AD002FBD79 = {
						CreatedOnToolsVersion = 13.4.1;
					};
				};
			};
			buildConfigurationList = 5917E5D728F665AD002FBD79 /* Build configuration list for PBXProject "CodeIt" */;
			compatibilityVersion = "Xcode 13.0";
			developmentRegion = en;
			hasScannedForEncodings = 0;
			knownRegions = (
				en,
				Base,
			);
			mainGroup = 5917E5D328F665AD002FBD79;
			packageReferences = (
				592784D929227D5E00347BDD /* XCRemoteSwiftPackageReference "Kingfisher" */,
				599E64EF2922807000B59B28 /* XCRemoteSwiftPackageReference "KeychainAccess" */,
				59472B2E294F29C90075D267 /* XCRemoteSwiftPackageReference "Atributika" */,
			);
			productRefGroup = 5917E5DD28F665AD002FBD79 /* Products */;
			projectDirPath = "";
			projectRoot = "";
			targets = (
				5917E5DB28F665AD002FBD79 /* CodeIt */,
			);
		};
/* End PBXProject section */

/* Begin PBXResourcesBuildPhase section */
		5917E5DA28F665AD002FBD79 /* Resources */ = {
			isa = PBXResourcesBuildPhase;
			buildActionMask = 2147483647;
			files = (
				5917E5E728F665B0002FBD79 /* Preview Assets.xcassets in Resources */,
				5917E5E428F665B0002FBD79 /* Assets.xcassets in Resources */,
			);
			runOnlyForDeploymentPostprocessing = 0;
		};
/* End PBXResourcesBuildPhase section */

/* Begin PBXSourcesBuildPhase section */
		5917E5D828F665AD002FBD79 /* Sources */ = {
			isa = PBXSourcesBuildPhase;
			buildActionMask = 2147483647;
			files = (
				59279DF1295C66240039F233 /* SubmissionDetail.swift in Sources */,
				59E9AF10294EDF710036D5BA /* ProblemDetailView.swift in Sources */,
				59D61FBB28F7B5D6007E5C42 /* LeetCodeApi.swift in Sources */,
				59B02CE6291A7EA80043A093 /* SidebarView.swift in Sources */,
				59472B2D294F23960075D267 /* HtmlText.swift in Sources */,
				59D61FB628F6F683007E5C42 /* UserProfile.swift in Sources */,
				591BCE8D294F7EDA00E1A424 /* ProblemSolutionView.swift in Sources */,
				59B02CE8291A81230043A093 /* ProblemListView.swift in Sources */,
				5917E5E028F665AD002FBD79 /* CodeItApp.swift in Sources */,
				59E9AF0C294EC79E0036D5BA /* Test.swift in Sources */,
				59D61FBE28F7BA2A007E5C42 /* LoginCookieView.swift in Sources */,
				5917E5F228F6E09A002FBD79 /* CurrentUserStore.swift in Sources */,
				59EC5C9F2949EC34005B9487 /* ProblemListCellView.swift in Sources */,
				591BCE91295083D100E1A424 /* CodeLanguage.swift in Sources */,
				59E9AF0E294EDBE00036D5BA /* ProblemDetail.swift in Sources */,
				5920E0E72942006B00C70726 /* ProblemList.swift in Sources */,
				59D61FE428FEDB91007E5C42 /* HttpResponse.swift in Sources */,
				59279DEF295C410E0039F233 /* SubmitSolutionResponse.swift in Sources */,
			);
			runOnlyForDeploymentPostprocessing = 0;
		};
/* End PBXSourcesBuildPhase section */

/* Begin XCBuildConfiguration section */
		5917E5E928F665B0002FBD79 /* Debug */ = {
			isa = XCBuildConfiguration;
			buildSettings = {
				ALWAYS_SEARCH_USER_PATHS = NO;
				CLANG_ANALYZER_NONNULL = YES;
				CLANG_ANALYZER_NUMBER_OBJECT_CONVERSION = YES_AGGRESSIVE;
				CLANG_CXX_LANGUAGE_STANDARD = "gnu++17";
				CLANG_ENABLE_MODULES = YES;
				CLANG_ENABLE_OBJC_ARC = YES;
				CLANG_ENABLE_OBJC_WEAK = YES;
				CLANG_WARN_BLOCK_CAPTURE_AUTORELEASING = YES;
				CLANG_WARN_BOOL_CONVERSION = YES;
				CLANG_WARN_COMMA = YES;
				CLANG_WARN_CONSTANT_CONVERSION = YES;
				CLANG_WARN_DEPRECATED_OBJC_IMPLEMENTATIONS = YES;
				CLANG_WARN_DIRECT_OBJC_ISA_USAGE = YES_ERROR;
				CLANG_WARN_DOCUMENTATION_COMMENTS = YES;
				CLANG_WARN_EMPTY_BODY = YES;
				CLANG_WARN_ENUM_CONVERSION = YES;
				CLANG_WARN_INFINITE_RECURSION = YES;
				CLANG_WARN_INT_CONVERSION = YES;
				CLANG_WARN_NON_LITERAL_NULL_CONVERSION = YES;
				CLANG_WARN_OBJC_IMPLICIT_RETAIN_SELF = YES;
				CLANG_WARN_OBJC_LITERAL_CONVERSION = YES;
				CLANG_WARN_OBJC_ROOT_CLASS = YES_ERROR;
				CLANG_WARN_QUOTED_INCLUDE_IN_FRAMEWORK_HEADER = YES;
				CLANG_WARN_RANGE_LOOP_ANALYSIS = YES;
				CLANG_WARN_STRICT_PROTOTYPES = YES;
				CLANG_WARN_SUSPICIOUS_MOVE = YES;
				CLANG_WARN_UNGUARDED_AVAILABILITY = YES_AGGRESSIVE;
				CLANG_WARN_UNREACHABLE_CODE = YES;
				CLANG_WARN__DUPLICATE_METHOD_MATCH = YES;
				COPY_PHASE_STRIP = NO;
				DEBUG_INFORMATION_FORMAT = dwarf;
				ENABLE_STRICT_OBJC_MSGSEND = YES;
				ENABLE_TESTABILITY = YES;
				GCC_C_LANGUAGE_STANDARD = gnu11;
				GCC_DYNAMIC_NO_PIC = NO;
				GCC_NO_COMMON_BLOCKS = YES;
				GCC_OPTIMIZATION_LEVEL = 0;
				GCC_PREPROCESSOR_DEFINITIONS = (
					"DEBUG=1",
					"$(inherited)",
				);
				GCC_WARN_64_TO_32_BIT_CONVERSION = YES;
				GCC_WARN_ABOUT_RETURN_TYPE = YES_ERROR;
				GCC_WARN_UNDECLARED_SELECTOR = YES;
				GCC_WARN_UNINITIALIZED_AUTOS = YES_AGGRESSIVE;
				GCC_WARN_UNUSED_FUNCTION = YES;
				GCC_WARN_UNUSED_VARIABLE = YES;
				MACOSX_DEPLOYMENT_TARGET = 12.3;
				MTL_ENABLE_DEBUG_INFO = INCLUDE_SOURCE;
				MTL_FAST_MATH = YES;
				ONLY_ACTIVE_ARCH = YES;
				SDKROOT = macosx;
				SWIFT_ACTIVE_COMPILATION_CONDITIONS = DEBUG;
				SWIFT_OPTIMIZATION_LEVEL = "-Onone";
			};
			name = Debug;
		};
		5917E5EA28F665B0002FBD79 /* Release */ = {
			isa = XCBuildConfiguration;
			buildSettings = {
				ALWAYS_SEARCH_USER_PATHS = NO;
				CLANG_ANALYZER_NONNULL = YES;
				CLANG_ANALYZER_NUMBER_OBJECT_CONVERSION = YES_AGGRESSIVE;
				CLANG_CXX_LANGUAGE_STANDARD = "gnu++17";
				CLANG_ENABLE_MODULES = YES;
				CLANG_ENABLE_OBJC_ARC = YES;
				CLANG_ENABLE_OBJC_WEAK = YES;
				CLANG_WARN_BLOCK_CAPTURE_AUTORELEASING = YES;
				CLANG_WARN_BOOL_CONVERSION = YES;
				CLANG_WARN_COMMA = YES;
				CLANG_WARN_CONSTANT_CONVERSION = YES;
				CLANG_WARN_DEPRECATED_OBJC_IMPLEMENTATIONS = YES;
				CLANG_WARN_DIRECT_OBJC_ISA_USAGE = YES_ERROR;
				CLANG_WARN_DOCUMENTATION_COMMENTS = YES;
				CLANG_WARN_EMPTY_BODY = YES;
				CLANG_WARN_ENUM_CONVERSION = YES;
				CLANG_WARN_INFINITE_RECURSION = YES;
				CLANG_WARN_INT_CONVERSION = YES;
				CLANG_WARN_NON_LITERAL_NULL_CONVERSION = YES;
				CLANG_WARN_OBJC_IMPLICIT_RETAIN_SELF = YES;
				CLANG_WARN_OBJC_LITERAL_CONVERSION = YES;
				CLANG_WARN_OBJC_ROOT_CLASS = YES_ERROR;
				CLANG_WARN_QUOTED_INCLUDE_IN_FRAMEWORK_HEADER = YES;
				CLANG_WARN_RANGE_LOOP_ANALYSIS = YES;
				CLANG_WARN_STRICT_PROTOTYPES = YES;
				CLANG_WARN_SUSPICIOUS_MOVE = YES;
				CLANG_WARN_UNGUARDED_AVAILABILITY = YES_AGGRESSIVE;
				CLANG_WARN_UNREACHABLE_CODE = YES;
				CLANG_WARN__DUPLICATE_METHOD_MATCH = YES;
				COPY_PHASE_STRIP = NO;
				DEBUG_INFORMATION_FORMAT = "dwarf-with-dsym";
				ENABLE_NS_ASSERTIONS = NO;
				ENABLE_STRICT_OBJC_MSGSEND = YES;
				GCC_C_LANGUAGE_STANDARD = gnu11;
				GCC_NO_COMMON_BLOCKS = YES;
				GCC_WARN_64_TO_32_BIT_CONVERSION = YES;
				GCC_WARN_ABOUT_RETURN_TYPE = YES_ERROR;
				GCC_WARN_UNDECLARED_SELECTOR = YES;
				GCC_WARN_UNINITIALIZED_AUTOS = YES_AGGRESSIVE;
				GCC_WARN_UNUSED_FUNCTION = YES;
				GCC_WARN_UNUSED_VARIABLE = YES;
				MACOSX_DEPLOYMENT_TARGET = 12.3;
				MTL_ENABLE_DEBUG_INFO = NO;
				MTL_FAST_MATH = YES;
				SDKROOT = macosx;
				SWIFT_COMPILATION_MODE = wholemodule;
				SWIFT_OPTIMIZATION_LEVEL = "-O";
			};
			name = Release;
		};
		5917E5EC28F665B0002FBD79 /* Debug */ = {
			isa = XCBuildConfiguration;
			buildSettings = {
				ASSETCATALOG_COMPILER_APPICON_NAME = AppIcon;
				ASSETCATALOG_COMPILER_GLOBAL_ACCENT_COLOR_NAME = AccentColor;
				CODE_SIGN_ENTITLEMENTS = CodeIt/CodeIt.entitlements;
				"CODE_SIGN_IDENTITY[sdk=macosx*]" = "Apple Development";
				CODE_SIGN_STYLE = Automatic;
				COMBINE_HIDPI_IMAGES = YES;
				CURRENT_PROJECT_VERSION = 1;
				DEVELOPMENT_ASSET_PATHS = "\"CodeIt/Preview Content\"";
				DEVELOPMENT_TEAM = 8WH4533CG7;
				ENABLE_HARDENED_RUNTIME = YES;
				ENABLE_PREVIEWS = YES;
				GENERATE_INFOPLIST_FILE = YES;
				INFOPLIST_FILE = CodeIt/Info.plist;
				INFOPLIST_KEY_NSHumanReadableCopyright = "";
				LD_RUNPATH_SEARCH_PATHS = (
					"$(inherited)",
					"@executable_path/../Frameworks",
				);
				MACOSX_DEPLOYMENT_TARGET = 12.0;
				MARKETING_VERSION = 1.0;
				PRODUCT_BUNDLE_IDENTIFIER = com.github.octyu.LeetCoding;
				PRODUCT_NAME = "$(TARGET_NAME)";
				SWIFT_EMIT_LOC_STRINGS = YES;
				SWIFT_VERSION = 5.0;
			};
			name = Debug;
		};
		5917E5ED28F665B0002FBD79 /* Release */ = {
			isa = XCBuildConfiguration;
			buildSettings = {
				ASSETCATALOG_COMPILER_APPICON_NAME = AppIcon;
				ASSETCATALOG_COMPILER_GLOBAL_ACCENT_COLOR_NAME = AccentColor;
				CODE_SIGN_ENTITLEMENTS = CodeIt/CodeIt.entitlements;
				"CODE_SIGN_IDENTITY[sdk=macosx*]" = "Apple Development";
				CODE_SIGN_STYLE = Automatic;
				COMBINE_HIDPI_IMAGES = YES;
				CURRENT_PROJECT_VERSION = 1;
				DEVELOPMENT_ASSET_PATHS = "\"CodeIt/Preview Content\"";
				DEVELOPMENT_TEAM = 8WH4533CG7;
				ENABLE_HARDENED_RUNTIME = YES;
				ENABLE_PREVIEWS = YES;
				GENERATE_INFOPLIST_FILE = YES;
				INFOPLIST_FILE = CodeIt/Info.plist;
				INFOPLIST_KEY_NSHumanReadableCopyright = "";
				LD_RUNPATH_SEARCH_PATHS = (
					"$(inherited)",
					"@executable_path/../Frameworks",
				);
				MACOSX_DEPLOYMENT_TARGET = 12.0;
				MARKETING_VERSION = 1.0;
				PRODUCT_BUNDLE_IDENTIFIER = com.github.octyu.LeetCoding;
				PRODUCT_NAME = "$(TARGET_NAME)";
				SWIFT_EMIT_LOC_STRINGS = YES;
				SWIFT_VERSION = 5.0;
			};
			name = Release;
		};
/* End XCBuildConfiguration section */

/* Begin XCConfigurationList section */
		5917E5D728F665AD002FBD79 /* Build configuration list for PBXProject "CodeIt" */ = {
			isa = XCConfigurationList;
			buildConfigurations = (
				5917E5E928F665B0002FBD79 /* Debug */,
				5917E5EA28F665B0002FBD79 /* Release */,
			);
			defaultConfigurationIsVisible = 0;
			defaultConfigurationName = Release;
		};
		5917E5EB28F665B0002FBD79 /* Build configuration list for PBXNativeTarget "CodeIt" */ = {
			isa = XCConfigurationList;
			buildConfigurations = (
				5917E5EC28F665B0002FBD79 /* Debug */,
				5917E5ED28F665B0002FBD79 /* Release */,
			);
			defaultConfigurationIsVisible = 0;
			defaultConfigurationName = Release;
		};
/* End XCConfigurationList section */

/* Begin XCRemoteSwiftPackageReference section */
		592784D929227D5E00347BDD /* XCRemoteSwiftPackageReference "Kingfisher" */ = {
			isa = XCRemoteSwiftPackageReference;
			repositoryURL = "https://github.com/onevcat/Kingfisher";
			requirement = {
				kind = upToNextMajorVersion;
				minimumVersion = 7.0.0;
			};
		};
		59472B2E294F29C90075D267 /* XCRemoteSwiftPackageReference "Atributika" */ = {
			isa = XCRemoteSwiftPackageReference;
			repositoryURL = "https://github.com/psharanda/Atributika";
			requirement = {
				kind = exactVersion;
				version = 4.10.1;
			};
		};
		599E64EF2922807000B59B28 /* XCRemoteSwiftPackageReference "KeychainAccess" */ = {
			isa = XCRemoteSwiftPackageReference;
			repositoryURL = "https://github.com/kishikawakatsumi/KeychainAccess";
			requirement = {
				kind = exactVersion;
				version = 4.2.2;
			};
		};
/* End XCRemoteSwiftPackageReference section */

/* Begin XCSwiftPackageProductDependency section */
		592784DA29227D5E00347BDD /* Kingfisher */ = {
			isa = XCSwiftPackageProductDependency;
			package = 592784D929227D5E00347BDD /* XCRemoteSwiftPackageReference "Kingfisher" */;
			productName = Kingfisher;
		};
		59472B2F294F29C90075D267 /* Atributika */ = {
			isa = XCSwiftPackageProductDependency;
			package = 59472B2E294F29C90075D267 /* XCRemoteSwiftPackageReference "Atributika" */;
			productName = Atributika;
		};
		599E64F02922807000B59B28 /* KeychainAccess */ = {
			isa = XCSwiftPackageProductDependency;
			package = 599E64EF2922807000B59B28 /* XCRemoteSwiftPackageReference "KeychainAccess" */;
			productName = KeychainAccess;
		};
		59FFCE2D2951D9A30044EAB0 /* CodeMirror-SwiftUI */ = {
			isa = XCSwiftPackageProductDependency;
			productName = "CodeMirror-SwiftUI";
		};
/* End XCSwiftPackageProductDependency section */
	};
	rootObject = 5917E5D428F665AD002FBD79 /* Project object */;
}
