{
  "pins" : [
    {
      "identity" : "atributika",
      "kind" : "remoteSourceControl",
      "location" : "https://github.com/psharanda/Atributika",
      "state" : {
        "revision" : "d018897afbd55d9065ef859650585bac890ada7e",
        "version" : "4.10.1"
      }
    },
    {
      "identity" : "keychainaccess",
      "kind" : "remoteSourceControl",
      "location" : "https://github.com/kishikawakatsumi/KeychainAccess",
      "state" : {
        "revision" : "84e546727d66f1adc5439debad16270d0fdd04e7",
        "version" : "4.2.2"
      }
    },
    {
      "identity" : "kingfisher",
      "kind" : "remoteSourceControl",
      "location" : "https://github.com/onevcat/Kingfisher",
      "state" : {
        "revision" : "44e891bdb61426a95e31492a67c7c0dfad1f87c5",
        "version" : "7.4.1"
      }
    }
  ],
  "version" : 2
}
